
Microsoft Visual Studio Solution File, Format Version 12.00
# Visual Studio Version 17
VisualStudioVersion = 17.10.35201.131
MinimumVisualStudioVersion = 10.0.40219.1
Project("{FAE04EC0-301F-11D3-BF4B-00C04F79EFBC}") = "dotNet-Cms", "dotNet-Cms\dotNet-Cms.csproj", "{9ED22C1A-6687-4B6F-9344-8D2FA517700A}"
EndProject
Project("{FAE04EC0-301F-11D3-BF4B-00C04F79EFBC}") = "DomainLayer", "DomainLayer\DomainLayer.csproj", "{02F373F5-7182-4EDB-A72C-8ABF26D9E5D9}"
EndProject
Project("{FAE04EC0-301F-11D3-BF4B-00C04F79EFBC}") = "InfrastructureLayer", "InfrastructureLayer\InfrastructureLayer.csproj", "{A4A0996A-A59D-4A22-9BE5-7327CD531726}"
EndProject
Project("{FAE04EC0-301F-11D3-BF4B-00C04F79EFBC}") = "ApplicationLayer", "ApplicationLayer\ApplicationLayer.csproj", "{3ED0E7E8-2D4D-46EE-8F04-D7069E13947C}"
EndProject
Project("{FAE04EC0-301F-11D3-BF4B-00C04F79EFBC}") = "Mvc Web Application", "Mvc Web Application\Mvc Web Application.csproj", "{79DD2756-A041-42D0-ACFA-215753089267}"
EndProject
Global
	GlobalSection(SolutionConfigurationPlatforms) = preSolution
		Debug|Any CPU = Debug|Any CPU
		Release|Any CPU = Release|Any CPU
	EndGlobalSection
	GlobalSection(ProjectConfigurationPlatforms) = postSolution
		{9ED22C1A-6687-4B6F-9344-8D2FA517700A}.Debug|Any CPU.ActiveCfg = Debug|Any CPU
		{9ED22C1A-6687-4B6F-9344-8D2FA517700A}.Debug|Any CPU.Build.0 = Debug|Any CPU
		{9ED22C1A-6687-4B6F-9344-8D2FA517700A}.Release|Any CPU.ActiveCfg = Release|Any CPU
		{9ED22C1A-6687-4B6F-9344-8D2FA517700A}.Release|Any CPU.Build.0 = Release|Any CPU
		{02F373F5-7182-4EDB-A72C-8ABF26D9E5D9}.Debug|Any CPU.ActiveCfg = Debug|Any CPU
		{02F373F5-7182-4EDB-A72C-8ABF26D9E5D9}.Debug|Any CPU.Build.0 = Debug|Any CPU
		{02F373F5-7182-4EDB-A72C-8ABF26D9E5D9}.Release|Any CPU.ActiveCfg = Release|Any CPU
		{02F373F5-7182-4EDB-A72C-8ABF26D9E5D9}.Release|Any CPU.Build.0 = Release|Any CPU
		{A4A0996A-A59D-4A22-9BE5-7327CD531726}.Debug|Any CPU.ActiveCfg = Debug|Any CPU
		{A4A0996A-A59D-4A22-9BE5-7327CD531726}.Debug|Any CPU.Build.0 = Debug|Any CPU
		{A4A0996A-A59D-4A22-9BE5-7327CD531726}.Release|Any CPU.ActiveCfg = Release|Any CPU
		{A4A0996A-A59D-4A22-9BE5-7327CD531726}.Release|Any CPU.Build.0 = Release|Any CPU
		{3ED0E7E8-2D4D-46EE-8F04-D7069E13947C}.Debug|Any CPU.ActiveCfg = Debug|Any CPU
		{3ED0E7E8-2D4D-46EE-8F04-D7069E13947C}.Debug|Any CPU.Build.0 = Debug|Any CPU
		{3ED0E7E8-2D4D-46EE-8F04-D7069E13947C}.Release|Any CPU.ActiveCfg = Release|Any CPU
		{3ED0E7E8-2D4D-46EE-8F04-D7069E13947C}.Release|Any CPU.Build.0 = Release|Any CPU
		{79DD2756-A041-42D0-ACFA-215753089267}.Debug|Any CPU.ActiveCfg = Debug|Any CPU
		{79DD2756-A041-42D0-ACFA-215753089267}.Debug|Any CPU.Build.0 = Debug|Any CPU
		{79DD2756-A041-42D0-ACFA-215753089267}.Release|Any CPU.ActiveCfg = Release|Any CPU
		{79DD2756-A041-42D0-ACFA-215753089267}.Release|Any CPU.Build.0 = Release|Any CPU
	EndGlobalSection
	GlobalSection(SolutionProperties) = preSolution
		HideSolutionNode = FALSE
	EndGlobalSection
	GlobalSection(ExtensibilityGlobals) = postSolution
		SolutionGuid = {2BC7448C-6A91-48F2-8B25-43EF752E2AC3}
	EndGlobalSection
EndGlobal
